
Microsoft Visual Studio Solution File, Format Version 12.00
# Visual Studio Version 17
VisualStudioVersion = 17.1.32228.430
MinimumVisualStudioVersion = 10.0.40219.1
Project("{FAE04EC0-301F-11D3-BF4B-00C04F79EFBC}") = "ExampleObfuscator", "ExampleObfuscator.csproj", "{DC102265-8B00-4EA2-AF5E-8271E8EBD855}"
EndProject
Global
	GlobalSection(SolutionConfigurationPlatforms) = preSolution
		Debug|Any CPU = Debug|Any CPU
		Release|Any CPU = Release|Any CPU
	EndGlobalSection
	GlobalSection(ProjectConfigurationPlatforms) = postSolution
		{DC102265-8B00-4EA2-AF5E-8271E8EBD855}.Debug|Any CPU.ActiveCfg = Debug|Any CPU
		{DC102265-8B00-4EA2-AF5E-8271E8EBD855}.Debug|Any CPU.Build.0 = Debug|Any CPU
		{DC102265-8B00-4EA2-AF5E-8271E8EBD855}.Release|Any CPU.ActiveCfg = Release|Any CPU
		{DC102265-8B00-4EA2-AF5E-8271E8EBD855}.Release|Any CPU.Build.0 = Release|Any CPU
	EndGlobalSection
	GlobalSection(SolutionProperties) = preSolution
		HideSolutionNode = FALSE
	EndGlobalSection
	GlobalSection(ExtensibilityGlobals) = postSolution
		SolutionGuid = {22B31BA4-A6D6-4190-8EF2-54DC88928A67}
	EndGlobalSection
EndGlobal
